
Microsoft Visual Studio Solution File, Format Version 12.00
# Visual Studio 2013
VisualStudioVersion = 12.0.40629.0
MinimumVisualStudioVersion = 10.0.40219.1
Project("{8BC9CEB8-8B4A-11D0-8D11-00A0C91BC942}") = "D3D11_Framework_000", "D3D11_Framework_000\D3D11_Framework_000.vcxproj", "{1103D240-79B0-4A3E-9B7E-EE5E861AD7FF}"
EndProject
Global
	GlobalSection(SolutionConfigurationPlatforms) = preSolution
		Debug|Win32 = Debug|Win32
		Release|Win32 = Release|Win32
	EndGlobalSection
	GlobalSection(ProjectConfigurationPlatforms) = postSolution
		{1103D240-79B0-4A3E-9B7E-EE5E861AD7FF}.Debug|Win32.ActiveCfg = Debug|Win32
		{1103D240-79B0-4A3E-9B7E-EE5E861AD7FF}.Debug|Win32.Build.0 = Debug|Win32
		{1103D240-79B0-4A3E-9B7E-EE5E861AD7FF}.Release|Win32.ActiveCfg = Release|Win32
		{1103D240-79B0-4A3E-9B7E-EE5E861AD7FF}.Release|Win32.Build.0 = Release|Win32
	EndGlobalSection
	GlobalSection(SolutionProperties) = preSolution
		HideSolutionNode = FALSE
	EndGlobalSection
EndGlobal
